{
  "version": 4,
  "terraform_version": "1.2.6",
  "serial": 12,
  "lineage": "6e9c3440-6a7b-0517-f537-f9cc0b5e7a5d",
  "outputs": {},
  "resources": [
    {
      "mode": "managed",
      "type": "azurerm_container_registry",
      "name": "acr",
      "provider": "provider[\"registry.terraform.io/hashicorp/azurerm\"]",
      "instances": [
        {
          "schema_version": 2,
          "attributes": {
            "admin_enabled": false,
            "admin_password": "",
            "admin_username": "",
            "anonymous_pull_enabled": false,
            "data_endpoint_enabled": false,
            "encryption": [
              {
                "enabled": false,
                "identity_client_id": "",
                "key_vault_key_id": ""
              }
            ],
            "export_policy_enabled": true,
            "georeplications": [],
            "id": "/subscriptions/171c8ed9-218c-4f8d-9db6-11e87dc76479/resourceGroups/DemoTFResourceGroup/providers/Microsoft.ContainerRegistry/registries/azcrtfdemo1",
            "identity": [],
            "location": "australiaeast",
            "login_server": "azcrtfdemo1.azurecr.io",
            "name": "azcrtfdemo1",
            "network_rule_bypass_option": "AzureServices",
            "network_rule_set": [],
            "public_network_access_enabled": true,
            "quarantine_policy_enabled": false,
            "resource_group_name": "DemoTFResourceGroup",
            "retention_policy": [
              {
                "days": 7,
                "enabled": false
              }
            ],
            "sku": "Basic",
            "tags": {},
            "timeouts": null,
            "trust_policy": [
              {
                "enabled": false
              }
            ],
            "zone_redundancy_enabled": false
          },
          "sensitive_attributes": [],
          "private": "eyJlMmJmYjczMC1lY2FhLTExZTYtOGY4OC0zNDM2M2JjN2M0YzAiOnsiY3JlYXRlIjoxODAwMDAwMDAwMDAwLCJkZWxldGUiOjE4MDAwMDAwMDAwMDAsInJlYWQiOjMwMDAwMDAwMDAwMCwidXBkYXRlIjoxODAwMDAwMDAwMDAwfSwic2NoZW1hX3ZlcnNpb24iOiIyIn0=",
          "dependencies": [
            "azurerm_resource_group.rg"
          ]
        }
      ]
    },
    {
      "mode": "managed",
      "type": "azurerm_linux_web_app",
      "name": "serviandockerapp",
      "provider": "provider[\"registry.terraform.io/hashicorp/azurerm\"]",
      "instances": [
        {
          "schema_version": 0,
          "attributes": {
            "app_settings": {
              "DOCKER_REGISTRY_SERVER_PASSWORD": "null",
              "DOCKER_REGISTRY_SERVER_URL": "https://azcrtfdemo1.azurecr.io",
              "DOCKER_REGISTRY_SERVER_USERNAME": "azcrtfdemo1",
              "WEBSITES_ENABLE_APP_SERVICE_STORAGE": "false"
            },
            "auth_settings": [
              {
                "active_directory": [],
                "additional_login_parameters": {},
                "allowed_external_redirect_urls": [],
                "default_provider": "",
                "enabled": false,
                "facebook": [],
                "github": [],
                "google": [],
                "issuer": "",
                "microsoft": [],
                "runtime_version": "",
                "token_refresh_extension_hours": 0,
                "token_store_enabled": false,
                "twitter": [],
                "unauthenticated_client_action": ""
              }
            ],
            "backup": [],
            "client_affinity_enabled": false,
            "client_certificate_enabled": false,
            "client_certificate_mode": "Required",
            "connection_string": [],
            "custom_domain_verification_id": "A5715DE8D1698A814EF08CBC3B5FF85581C48F793E645A2DC3D35E362D623AB0",
            "default_hostname": "demotfresourcegroup-serviandockerapp.azurewebsites.net",
            "enabled": true,
            "https_only": false,
            "id": "/subscriptions/171c8ed9-218c-4f8d-9db6-11e87dc76479/resourceGroups/DemoTFResourceGroup/providers/Microsoft.Web/sites/DemoTFResourceGroup-serviandockerapp",
            "identity": [
              {
                "identity_ids": null,
                "principal_id": "0dd9c8e3-1af2-4f44-8647-58aa7d91e8ed",
                "tenant_id": "730097f4-2a37-46ed-8de4-4e20516dd8f1",
                "type": "SystemAssigned"
              }
            ],
            "key_vault_reference_identity_id": "SystemAssigned",
            "kind": "app,linux,container",
            "location": "australiaeast",
            "logs": [],
            "name": "DemoTFResourceGroup-serviandockerapp",
            "outbound_ip_address_list": [
              "20.211.58.47",
              "20.211.58.61",
              "20.70.229.4",
              "20.211.58.82",
              "20.211.58.102",
              "20.211.58.148",
              "20.211.64.7"
            ],
            "outbound_ip_addresses": "20.211.58.47,20.211.58.61,20.70.229.4,20.211.58.82,20.211.58.102,20.211.58.148,20.211.64.7",
            "possible_outbound_ip_address_list": [
              "20.211.58.47",
              "20.211.58.61",
              "20.70.229.4",
              "20.211.58.82",
              "20.211.58.102",
              "20.211.58.148",
              "20.211.58.158",
              "20.211.58.168",
              "20.70.231.67",
              "20.70.225.102",
              "20.211.58.173",
              "20.211.56.251",
              "20.211.58.177",
              "20.211.58.203",
              "20.70.228.243",
              "20.70.228.18",
              "20.211.59.77",
              "20.211.59.106",
              "20.70.228.70",
              "20.211.59.113",
              "20.211.56.117",
              "20.211.59.114",
              "20.211.59.124",
              "20.211.58.249",
              "20.211.64.7"
            ],
            "possible_outbound_ip_addresses": "20.211.58.47,20.211.58.61,20.70.229.4,20.211.58.82,20.211.58.102,20.211.58.148,20.211.58.158,20.211.58.168,20.70.231.67,20.70.225.102,20.211.58.173,20.211.56.251,20.211.58.177,20.211.58.203,20.70.228.243,20.70.228.18,20.211.59.77,20.211.59.106,20.70.228.70,20.211.59.113,20.211.56.117,20.211.59.114,20.211.59.124,20.211.58.249,20.211.64.7",
            "resource_group_name": "DemoTFResourceGroup",
            "service_plan_id": "/subscriptions/171c8ed9-218c-4f8d-9db6-11e87dc76479/resourceGroups/DemoTFResourceGroup/providers/Microsoft.Web/serverfarms/DemoTFResourceGroup-plan",
            "site_config": [
              {
                "always_on": false,
                "api_definition_url": "",
                "api_management_api_id": "",
                "app_command_line": "",
                "application_stack": [
                  {
                    "docker_image": "azcrtfdemo1.azurecr.io/servianapp",
                    "docker_image_tag": "latest",
                    "dotnet_version": "",
                    "java_server": "",
                    "java_server_version": "",
                    "java_version": "",
                    "node_version": "",
                    "php_version": "",
                    "python_version": "",
                    "ruby_version": ""
                  }
                ],
                "auto_heal_enabled": false,
                "auto_heal_setting": [],
                "container_registry_managed_identity_client_id": "",
                "container_registry_use_managed_identity": false,
                "cors": [],
                "default_documents": [
                  "Default.htm",
                  "Default.html",
                  "Default.asp",
                  "index.htm",
                  "index.html",
                  "iisstart.htm",
                  "default.aspx",
                  "index.php",
                  "hostingstart.html"
                ],
                "detailed_error_logging_enabled": false,
                "ftps_state": "Disabled",
                "health_check_eviction_time_in_min": 0,
                "health_check_path": "",
                "http2_enabled": false,
                "ip_restriction": [],
                "linux_fx_version": "DOCKER|azcrtfdemo1.azurecr.io/servianapp:latest",
                "load_balancing_mode": "LeastRequests",
                "local_mysql_enabled": false,
                "managed_pipeline_mode": "Integrated",
                "minimum_tls_version": "1.2",
                "remote_debugging_enabled": false,
                "remote_debugging_version": "VS2019",
                "scm_ip_restriction": [],
                "scm_minimum_tls_version": "1.2",
                "scm_type": "None",
                "scm_use_main_ip_restriction": false,
                "use_32_bit_worker": true,
                "vnet_route_all_enabled": false,
                "websockets_enabled": false,
                "worker_count": 1
              }
            ],
            "site_credential": [
              {
                "name": "$DemoTFResourceGroup-serviandockerapp",
                "password": "GxngokwzLDh2gjc3va9noQgDx1ytLFGsQfLu7TDbuFMmNpSkkZWH9XRXMixX"
              }
            ],
            "sticky_settings": [],
            "storage_account": [],
            "tags": null,
            "timeouts": null,
            "virtual_network_subnet_id": "",
            "zip_deploy_file": ""
          },
          "sensitive_attributes": [],
          "private": "eyJlMmJmYjczMC1lY2FhLTExZTYtOGY4OC0zNDM2M2JjN2M0YzAiOnsiY3JlYXRlIjoxODAwMDAwMDAwMDAwLCJkZWxldGUiOjE4MDAwMDAwMDAwMDAsInJlYWQiOjMwMDAwMDAwMDAwMCwidXBkYXRlIjoxODAwMDAwMDAwMDAwfX0=",
          "dependencies": [
            "azurerm_resource_group.rg",
            "azurerm_service_plan.ASP-DemoTFResourceGroup"
          ]
        }
      ]
    },
    {
      "mode": "managed",
      "type": "azurerm_resource_group",
      "name": "rg",
      "provider": "provider[\"registry.terraform.io/hashicorp/azurerm\"]",
      "instances": [
        {
          "schema_version": 0,
          "attributes": {
            "id": "/subscriptions/171c8ed9-218c-4f8d-9db6-11e87dc76479/resourceGroups/DemoTFResourceGroup",
            "location": "australiaeast",
            "name": "DemoTFResourceGroup",
            "tags": {},
            "timeouts": null
          },
          "sensitive_attributes": [],
          "private": "eyJlMmJmYjczMC1lY2FhLTExZTYtOGY4OC0zNDM2M2JjN2M0YzAiOnsiY3JlYXRlIjo1NDAwMDAwMDAwMDAwLCJkZWxldGUiOjU0MDAwMDAwMDAwMDAsInJlYWQiOjMwMDAwMDAwMDAwMCwidXBkYXRlIjo1NDAwMDAwMDAwMDAwfX0="
        }
      ]
    },
    {
      "mode": "managed",
      "type": "azurerm_service_plan",
      "name": "ASP-DemoTFResourceGroup",
      "provider": "provider[\"registry.terraform.io/hashicorp/azurerm\"]",
      "instances": [
        {
          "schema_version": 0,
          "attributes": {
            "app_service_environment_id": "",
            "id": "/subscriptions/171c8ed9-218c-4f8d-9db6-11e87dc76479/resourceGroups/DemoTFResourceGroup/providers/Microsoft.Web/serverfarms/DemoTFResourceGroup-plan",
            "kind": "linux",
            "location": "australiaeast",
            "maximum_elastic_worker_count": 1,
            "name": "DemoTFResourceGroup-plan",
            "os_type": "Linux",
            "per_site_scaling_enabled": false,
            "reserved": true,
            "resource_group_name": "DemoTFResourceGroup",
            "sku_name": "F1",
            "tags": {},
            "timeouts": null,
            "worker_count": 1,
            "zone_balancing_enabled": false
          },
          "sensitive_attributes": [],
          "private": "eyJlMmJmYjczMC1lY2FhLTExZTYtOGY4OC0zNDM2M2JjN2M0YzAiOnsiY3JlYXRlIjozNjAwMDAwMDAwMDAwLCJkZWxldGUiOjM2MDAwMDAwMDAwMDAsInJlYWQiOjMwMDAwMDAwMDAwMCwidXBkYXRlIjozNjAwMDAwMDAwMDAwfX0=",
          "dependencies": [
            "azurerm_resource_group.rg"
          ]
        }
      ]
    }
  ]
}
